
Microsoft Visual Studio Solution File, Format Version 12.00
# Visual Studio Version 16
VisualStudioVersion = 16.0.30523.141
MinimumVisualStudioVersion = 10.0.40219.1
Project("{FAE04EC0-301F-11D3-BF4B-00C04F79EFBC}") = "WinformEvents", "WinformEvents\WinformEvents.csproj", "{512AAAA9-DCF1-4332-A052-D79B4400BBBF}"
EndProject
Global
	GlobalSection(SolutionConfigurationPlatforms) = preSolution
		Debug|Any CPU = Debug|Any CPU
		Release|Any CPU = Release|Any CPU
	EndGlobalSection
	GlobalSection(ProjectConfigurationPlatforms) = postSolution
		{512AAAA9-DCF1-4332-A052-D79B4400BBBF}.Debug|Any CPU.ActiveCfg = Debug|Any CPU
		{512AAAA9-DCF1-4332-A052-D79B4400BBBF}.Debug|Any CPU.Build.0 = Debug|Any CPU
		{512AAAA9-DCF1-4332-A052-D79B4400BBBF}.Release|Any CPU.ActiveCfg = Release|Any CPU
		{512AAAA9-DCF1-4332-A052-D79B4400BBBF}.Release|Any CPU.Build.0 = Release|Any CPU
	EndGlobalSection
	GlobalSection(SolutionProperties) = preSolution
		HideSolutionNode = FALSE
	EndGlobalSection
	GlobalSection(ExtensibilityGlobals) = postSolution
		SolutionGuid = {7C511625-2A52-4A98-9C58-3CEB0DD5E931}
	EndGlobalSection
EndGlobal
